
Microsoft Visual Studio Solution File, Format Version 12.00
# Visual Studio Version 17
VisualStudioVersion = 17.8.34330.188
MinimumVisualStudioVersion = 10.0.40219.1
Project("{FAE04EC0-301F-11D3-BF4B-00C04F79EFBC}") = "CricketPlayer", "CricketPlayer\CricketPlayer.csproj", "{536CF166-B523-492E-B3A5-065F2B4ED806}"
EndProject
Global
	GlobalSection(SolutionConfigurationPlatforms) = preSolution
		Debug|Any CPU = Debug|Any CPU
		Release|Any CPU = Release|Any CPU
	EndGlobalSection
	GlobalSection(ProjectConfigurationPlatforms) = postSolution
		{536CF166-B523-492E-B3A5-065F2B4ED806}.Debug|Any CPU.ActiveCfg = Debug|Any CPU
		{536CF166-B523-492E-B3A5-065F2B4ED806}.Debug|Any CPU.Build.0 = Debug|Any CPU
		{536CF166-B523-492E-B3A5-065F2B4ED806}.Release|Any CPU.ActiveCfg = Release|Any CPU
		{536CF166-B523-492E-B3A5-065F2B4ED806}.Release|Any CPU.Build.0 = Release|Any CPU
	EndGlobalSection
	GlobalSection(SolutionProperties) = preSolution
		HideSolutionNode = FALSE
	EndGlobalSection
	GlobalSection(ExtensibilityGlobals) = postSolution
		SolutionGuid = {2A6FC556-1654-40AE-8EB2-69121C5F7DB4}
	EndGlobalSection
EndGlobal
